// !$*UTF8*$!
{
	archiveVersion = 1;
	classes = {
	};
	objectVersion = 48;
	objects = {

/* Begin PBXBuildFile section */
		112DAC15ABDA560B533B1DDF /* Pods_EraAlbum.framework in Frameworks */ = {isa = PBXBuildFile; fileRef = E8BD33FDD04CECA8D11E0F5F /* Pods_EraAlbum.framework */; };
		161BE94F210683A30098CCD7 /* AppDelegate.swift in Sources */ = {isa = PBXBuildFile; fileRef = 161BE94E210683A30098CCD7 /* AppDelegate.swift */; };
		161BE951210683A30098CCD7 /* AlbumsViewController.swift in Sources */ = {isa = PBXBuildFile; fileRef = 161BE950210683A30098CCD7 /* AlbumsViewController.swift */; };
		161BE954210683A30098CCD7 /* Main.storyboard in Resources */ = {isa = PBXBuildFile; fileRef = 161BE952210683A30098CCD7 /* Main.storyboard */; };
		161BE957210683A30098CCD7 /* EraAlbum.xcdatamodeld in Sources */ = {isa = PBXBuildFile; fileRef = 161BE955210683A30098CCD7 /* EraAlbum.xcdatamodeld */; };
		161BE959210683A30098CCD7 /* Assets.xcassets in Resources */ = {isa = PBXBuildFile; fileRef = 161BE958210683A30098CCD7 /* Assets.xcassets */; };
		161BE95C210683A30098CCD7 /* LaunchScreen.storyboard in Resources */ = {isa = PBXBuildFile; fileRef = 161BE95A210683A30098CCD7 /* LaunchScreen.storyboard */; };
		161BE96B21068C120098CCD7 /* AlbumPhotoCollectionViewCell.swift in Sources */ = {isa = PBXBuildFile; fileRef = 161BE96921068C110098CCD7 /* AlbumPhotoCollectionViewCell.swift */; };
		161BE96C21068C120098CCD7 /* AlbumsTableViewCell.swift in Sources */ = {isa = PBXBuildFile; fileRef = 161BE96A21068C110098CCD7 /* AlbumsTableViewCell.swift */; };
		161BE97021068CAF0098CCD7 /* FullImageViewController.swift in Sources */ = {isa = PBXBuildFile; fileRef = 161BE96D21068CAC0098CCD7 /* FullImageViewController.swift */; };
		161BE97121068CAF0098CCD7 /* AlbumPhotosCollectionViewController.swift in Sources */ = {isa = PBXBuildFile; fileRef = 161BE96E21068CAD0098CCD7 /* AlbumPhotosCollectionViewController.swift */; };
		161BE97221068CAF0098CCD7 /* AddAlbumViewController.swift in Sources */ = {isa = PBXBuildFile; fileRef = 161BE96F21068CAE0098CCD7 /* AddAlbumViewController.swift */; };
/* End PBXBuildFile section */

/* Begin PBXFileReference section */
		161BE94B210683A20098CCD7 /* EraAlbum.app */ = {isa = PBXFileReference; explicitFileType = wrapper.application; includeInIndex = 0; path = EraAlbum.app; sourceTree = BUILT_PRODUCTS_DIR; };
		161BE94E210683A30098CCD7 /* AppDelegate.swift */ = {isa = PBXFileReference; lastKnownFileType = sourcecode.swift; path = AppDelegate.swift; sourceTree = "<group>"; };
		161BE950210683A30098CCD7 /* AlbumsViewController.swift */ = {isa = PBXFileReference; lastKnownFileType = sourcecode.swift; path = AlbumsViewController.swift; sourceTree = "<group>"; };
		161BE953210683A30098CCD7 /* Base */ = {isa = PBXFileReference; lastKnownFileType = file.storyboard; name = Base; path = Base.lproj/Main.storyboard; sourceTree = "<group>"; };
		161BE956210683A30098CCD7 /* EraAlbum.xcdatamodel */ = {isa = PBXFileReference; lastKnownFileType = wrapper.xcdatamodel; path = EraAlbum.xcdatamodel; sourceTree = "<group>"; };
		161BE958210683A30098CCD7 /* Assets.xcassets */ = {isa = PBXFileReference; lastKnownFileType = folder.assetcatalog; path = Assets.xcassets; sourceTree = "<group>"; };
		161BE95B210683A30098CCD7 /* Base */ = {isa = PBXFileReference; lastKnownFileType = file.storyboard; name = Base; path = Base.lproj/LaunchScreen.storyboard; sourceTree = "<group>"; };
		161BE95D210683A30098CCD7 /* Info.plist */ = {isa = PBXFileReference; lastKnownFileType = text.plist.xml; path = Info.plist; sourceTree = "<group>"; };
		161BE96921068C110098CCD7 /* AlbumPhotoCollectionViewCell.swift */ = {isa = PBXFileReference; fileEncoding = 4; lastKnownFileType = sourcecode.swift; name = AlbumPhotoCollectionViewCell.swift; path = ../../../Albumera/Albumera/View/AlbumPhotoCollectionViewCell.swift; sourceTree = "<group>"; };
		161BE96A21068C110098CCD7 /* AlbumsTableViewCell.swift */ = {isa = PBXFileReference; fileEncoding = 4; lastKnownFileType = sourcecode.swift; name = AlbumsTableViewCell.swift; path = ../../../Albumera/Albumera/View/AlbumsTableViewCell.swift; sourceTree = "<group>"; };
		161BE96D21068CAC0098CCD7 /* FullImageViewController.swift */ = {isa = PBXFileReference; fileEncoding = 4; lastKnownFileType = sourcecode.swift; name = FullImageViewController.swift; path = ../../../Albumera/Albumera/Controller/FullImageViewController.swift; sourceTree = "<group>"; };
		161BE96E21068CAD0098CCD7 /* AlbumPhotosCollectionViewController.swift */ = {isa = PBXFileReference; fileEncoding = 4; lastKnownFileType = sourcecode.swift; name = AlbumPhotosCollectionViewController.swift; path = ../../../Albumera/Albumera/Controller/AlbumPhotosCollectionViewController.swift; sourceTree = "<group>"; };
		161BE96F21068CAE0098CCD7 /* AddAlbumViewController.swift */ = {isa = PBXFileReference; fileEncoding = 4; lastKnownFileType = sourcecode.swift; name = AddAlbumViewController.swift; path = ../../../Albumera/Albumera/Controller/AddAlbumViewController.swift; sourceTree = "<group>"; };
		66C22B75B8714AEA96011FB2 /* Pods-EraAlbum.release.xcconfig */ = {isa = PBXFileReference; includeInIndex = 1; lastKnownFileType = text.xcconfig; name = "Pods-EraAlbum.release.xcconfig"; path = "Pods/Target Support Files/Pods-EraAlbum/Pods-EraAlbum.release.xcconfig"; sourceTree = "<group>"; };
		80D5B42D72CF38F8E22A2C0B /* Pods-EraAlbum.debug.xcconfig */ = {isa = PBXFileReference; includeInIndex = 1; lastKnownFileType = text.xcconfig; name = "Pods-EraAlbum.debug.xcconfig"; path = "Pods/Target Support Files/Pods-EraAlbum/Pods-EraAlbum.debug.xcconfig"; sourceTree = "<group>"; };
		E8BD33FDD04CECA8D11E0F5F /* Pods_EraAlbum.framework */ = {isa = PBXFileReference; explicitFileType = wrapper.framework; includeInIndex = 0; path = Pods_EraAlbum.framework; sourceTree = BUILT_PRODUCTS_DIR; };
/* End PBXFileReference section */

/* Begin PBXFrameworksBuildPhase section */
		161BE948210683A20098CCD7 /* Frameworks */ = {
			isa = PBXFrameworksBuildPhase;
			buildActionMask = 2147483647;
			files = (
				112DAC15ABDA560B533B1DDF /* Pods_EraAlbum.framework in Frameworks */,
			);
			runOnlyForDeploymentPostprocessing = 0;
		};
/* End PBXFrameworksBuildPhase section */

/* Begin PBXGroup section */
		161BE942210683A20098CCD7 = {
			isa = PBXGroup;
			children = (
				161BE94D210683A20098CCD7 /* EraAlbum */,
				161BE94C210683A20098CCD7 /* Products */,
				A879F3D6BFFCB48A31BC0944 /* Pods */,
				7E3B09460F5FA683EB891BBF /* Frameworks */,
			);
			sourceTree = "<group>";
		};
		161BE94C210683A20098CCD7 /* Products */ = {
			isa = PBXGroup;
			children = (
				161BE94B210683A20098CCD7 /* EraAlbum.app */,
			);
			name = Products;
			sourceTree = "<group>";
		};
		161BE94D210683A20098CCD7 /* EraAlbum */ = {
			isa = PBXGroup;
			children = (
				161BE96621068BA30098CCD7 /* Model */,
				161BE96521068B970098CCD7 /* Controller */,
				161BE96421068B780098CCD7 /* View */,
				161BE96321068B5C0098CCD7 /* Storyboard */,
				161BE94E210683A30098CCD7 /* AppDelegate.swift */,
				161BE958210683A30098CCD7 /* Assets.xcassets */,
				161BE95D210683A30098CCD7 /* Info.plist */,
				161BE955210683A30098CCD7 /* EraAlbum.xcdatamodeld */,
			);
			path = EraAlbum;
			sourceTree = "<group>";
		};
		161BE96321068B5C0098CCD7 /* Storyboard */ = {
			isa = PBXGroup;
			children = (
				161BE95A210683A30098CCD7 /* LaunchScreen.storyboard */,
				161BE952210683A30098CCD7 /* Main.storyboard */,
			);
			path = Storyboard;
			sourceTree = "<group>";
		};
		161BE96421068B780098CCD7 /* View */ = {
			isa = PBXGroup;
			children = (
				161BE96921068C110098CCD7 /* AlbumPhotoCollectionViewCell.swift */,
				161BE96A21068C110098CCD7 /* AlbumsTableViewCell.swift */,
			);
			path = View;
			sourceTree = "<group>";
		};
		161BE96521068B970098CCD7 /* Controller */ = {
			isa = PBXGroup;
			children = (
				161BE950210683A30098CCD7 /* AlbumsViewController.swift */,
				161BE96F21068CAE0098CCD7 /* AddAlbumViewController.swift */,
				161BE96E21068CAD0098CCD7 /* AlbumPhotosCollectionViewController.swift */,
				161BE96D21068CAC0098CCD7 /* FullImageViewController.swift */,
			);
			path = Controller;
			sourceTree = "<group>";
		};
		161BE96621068BA30098CCD7 /* Model */ = {
			isa = PBXGroup;
			children = (
			);
			path = Model;
			sourceTree = "<group>";
		};
		7E3B09460F5FA683EB891BBF /* Frameworks */ = {
			isa = PBXGroup;
			children = (
				E8BD33FDD04CECA8D11E0F5F /* Pods_EraAlbum.framework */,
			);
			name = Frameworks;
			sourceTree = "<group>";
		};
		A879F3D6BFFCB48A31BC0944 /* Pods */ = {
			isa = PBXGroup;
			children = (
				80D5B42D72CF38F8E22A2C0B /* Pods-EraAlbum.debug.xcconfig */,
				66C22B75B8714AEA96011FB2 /* Pods-EraAlbum.release.xcconfig */,
			);
			name = Pods;
			sourceTree = "<group>";
		};
/* End PBXGroup section */

/* Begin PBXNativeTarget section */
		161BE94A210683A20098CCD7 /* EraAlbum */ = {
			isa = PBXNativeTarget;
			buildConfigurationList = 161BE960210683A30098CCD7 /* Build configuration list for PBXNativeTarget "EraAlbum" */;
			buildPhases = (
				AFCB10CB958C7C3C0D9004F1 /* [CP] Check Pods Manifest.lock */,
				161BE947210683A20098CCD7 /* Sources */,
				161BE948210683A20098CCD7 /* Frameworks */,
				161BE949210683A20098CCD7 /* Resources */,
				1C776DD229FC68C033E43655 /* [CP] Embed Pods Frameworks */,
			);
			buildRules = (
			);
			dependencies = (
			);
			name = EraAlbum;
			productName = EraAlbum;
			productReference = 161BE94B210683A20098CCD7 /* EraAlbum.app */;
			productType = "com.apple.product-type.application";
		};
/* End PBXNativeTarget section */

/* Begin PBXProject section */
		161BE943210683A20098CCD7 /* Project object */ = {
			isa = PBXProject;
			attributes = {
				LastSwiftUpdateCheck = 0910;
				LastUpgradeCheck = 0910;
				ORGANIZATIONNAME = TheAmrAli;
				TargetAttributes = {
					161BE94A210683A20098CCD7 = {
						CreatedOnToolsVersion = 9.1;
						ProvisioningStyle = Automatic;
					};
				};
			};
			buildConfigurationList = 161BE946210683A20098CCD7 /* Build configuration list for PBXProject "EraAlbum" */;
			compatibilityVersion = "Xcode 8.0";
			developmentRegion = en;
			hasScannedForEncodings = 0;
			knownRegions = (
				en,
				Base,
			);
			mainGroup = 161BE942210683A20098CCD7;
			productRefGroup = 161BE94C210683A20098CCD7 /* Products */;
			projectDirPath = "";
			projectRoot = "";
			targets = (
				161BE94A210683A20098CCD7 /* EraAlbum */,
			);
		};
/* End PBXProject section */

/* Begin PBXResourcesBuildPhase section */
		161BE949210683A20098CCD7 /* Resources */ = {
			isa = PBXResourcesBuildPhase;
			buildActionMask = 2147483647;
			files = (
				161BE95C210683A30098CCD7 /* LaunchScreen.storyboard in Resources */,
				161BE959210683A30098CCD7 /* Assets.xcassets in Resources */,
				161BE954210683A30098CCD7 /* Main.storyboard in Resources */,
			);
			runOnlyForDeploymentPostprocessing = 0;
		};
/* End PBXResourcesBuildPhase section */

/* Begin PBXShellScriptBuildPhase section */
		1C776DD229FC68C033E43655 /* [CP] Embed Pods Frameworks */ = {
			isa = PBXShellScriptBuildPhase;
			buildActionMask = 2147483647;
			files = (
			);
			inputPaths = (
				"${SRCROOT}/Pods/Target Support Files/Pods-EraAlbum/Pods-EraAlbum-frameworks.sh",
				"${BUILT_PRODUCTS_DIR}/Alamofire/Alamofire.framework",
				"${BUILT_PRODUCTS_DIR}/AlamofireImage/AlamofireImage.framework",
				"${BUILT_PRODUCTS_DIR}/BSGridCollectionViewLayout/BSGridCollectionViewLayout.framework",
				"${BUILT_PRODUCTS_DIR}/BSImagePicker/BSImagePicker.framework",
				"${BUILT_PRODUCTS_DIR}/UIImageViewModeScaleAspect/UIImageViewModeScaleAspect.framework",
			);
			name = "[CP] Embed Pods Frameworks";
			outputPaths = (
				"${TARGET_BUILD_DIR}/${FRAMEWORKS_FOLDER_PATH}/Alamofire.framework",
				"${TARGET_BUILD_DIR}/${FRAMEWORKS_FOLDER_PATH}/AlamofireImage.framework",
				"${TARGET_BUILD_DIR}/${FRAMEWORKS_FOLDER_PATH}/BSGridCollectionViewLayout.framework",
				"${TARGET_BUILD_DIR}/${FRAMEWORKS_FOLDER_PATH}/BSImagePicker.framework",
				"${TARGET_BUILD_DIR}/${FRAMEWORKS_FOLDER_PATH}/UIImageViewModeScaleAspect.framework",
			);
			runOnlyForDeploymentPostprocessing = 0;
			shellPath = /bin/sh;
			shellScript = "\"${SRCROOT}/Pods/Target Support Files/Pods-EraAlbum/Pods-EraAlbum-frameworks.sh\"\n";
			showEnvVarsInLog = 0;
		};
		AFCB10CB958C7C3C0D9004F1 /* [CP] Check Pods Manifest.lock */ = {
			isa = PBXShellScriptBuildPhase;
			buildActionMask = 2147483647;
			files = (
			);
			inputPaths = (
				"${PODS_PODFILE_DIR_PATH}/Podfile.lock",
				"${PODS_ROOT}/Manifest.lock",
			);
			name = "[CP] Check Pods Manifest.lock";
			outputPaths = (
				"$(DERIVED_FILE_DIR)/Pods-EraAlbum-checkManifestLockResult.txt",
			);
			runOnlyForDeploymentPostprocessing = 0;
			shellPath = /bin/sh;
			shellScript = "diff \"${PODS_PODFILE_DIR_PATH}/Podfile.lock\" \"${PODS_ROOT}/Manifest.lock\" > /dev/null\nif [ $? != 0 ] ; then\n    # print error to STDERR\n    echo \"error: The sandbox is not in sync with the Podfile.lock. Run 'pod install' or update your CocoaPods installation.\" >&2\n    exit 1\nfi\n# This output is used by Xcode 'outputs' to avoid re-running this script phase.\necho \"SUCCESS\" > \"${SCRIPT_OUTPUT_FILE_0}\"\n";
			showEnvVarsInLog = 0;
		};
/* End PBXShellScriptBuildPhase section */

/* Begin PBXSourcesBuildPhase section */
		161BE947210683A20098CCD7 /* Sources */ = {
			isa = PBXSourcesBuildPhase;
			buildActionMask = 2147483647;
			files = (
				161BE97221068CAF0098CCD7 /* AddAlbumViewController.swift in Sources */,
				161BE97021068CAF0098CCD7 /* FullImageViewController.swift in Sources */,
				161BE96B21068C120098CCD7 /* AlbumPhotoCollectionViewCell.swift in Sources */,
				161BE951210683A30098CCD7 /* AlbumsViewController.swift in Sources */,
				161BE957210683A30098CCD7 /* EraAlbum.xcdatamodeld in Sources */,
				161BE94F210683A30098CCD7 /* AppDelegate.swift in Sources */,
				161BE97121068CAF0098CCD7 /* AlbumPhotosCollectionViewController.swift in Sources */,
				161BE96C21068C120098CCD7 /* AlbumsTableViewCell.swift in Sources */,
			);
			runOnlyForDeploymentPostprocessing = 0;
		};
/* End PBXSourcesBuildPhase section */

/* Begin PBXVariantGroup section */
		161BE952210683A30098CCD7 /* Main.storyboard */ = {
			isa = PBXVariantGroup;
			children = (
				161BE953210683A30098CCD7 /* Base */,
			);
			name = Main.storyboard;
			sourceTree = "<group>";
		};
		161BE95A210683A30098CCD7 /* LaunchScreen.storyboard */ = {
			isa = PBXVariantGroup;
			children = (
				161BE95B210683A30098CCD7 /* Base */,
			);
			name = LaunchScreen.storyboard;
			sourceTree = "<group>";
		};
/* End PBXVariantGroup section */

/* Begin XCBuildConfiguration section */
		161BE95E210683A30098CCD7 /* Debug */ = {
			isa = XCBuildConfiguration;
			buildSettings = {
				ALWAYS_SEARCH_USER_PATHS = NO;
				CLANG_ANALYZER_NONNULL = YES;
				CLANG_ANALYZER_NUMBER_OBJECT_CONVERSION = YES_AGGRESSIVE;
				CLANG_CXX_LANGUAGE_STANDARD = "gnu++14";
				CLANG_CXX_LIBRARY = "libc++";
				CLANG_ENABLE_MODULES = YES;
				CLANG_ENABLE_OBJC_ARC = YES;
				CLANG_WARN_BLOCK_CAPTURE_AUTORELEASING = YES;
				CLANG_WARN_BOOL_CONVERSION = YES;
				CLANG_WARN_COMMA = YES;
				CLANG_WARN_CONSTANT_CONVERSION = YES;
				CLANG_WARN_DIRECT_OBJC_ISA_USAGE = YES_ERROR;
				CLANG_WARN_DOCUMENTATION_COMMENTS = YES;
				CLANG_WARN_EMPTY_BODY = YES;
				CLANG_WARN_ENUM_CONVERSION = YES;
				CLANG_WARN_INFINITE_RECURSION = YES;
				CLANG_WARN_INT_CONVERSION = YES;
				CLANG_WARN_NON_LITERAL_NULL_CONVERSION = YES;
				CLANG_WARN_OBJC_LITERAL_CONVERSION = YES;
				CLANG_WARN_OBJC_ROOT_CLASS = YES_ERROR;
				CLANG_WARN_RANGE_LOOP_ANALYSIS = YES;
				CLANG_WARN_STRICT_PROTOTYPES = YES;
				CLANG_WARN_SUSPICIOUS_MOVE = YES;
				CLANG_WARN_UNGUARDED_AVAILABILITY = YES_AGGRESSIVE;
				CLANG_WARN_UNREACHABLE_CODE = YES;
				CLANG_WARN__DUPLICATE_METHOD_MATCH = YES;
				CODE_SIGN_IDENTITY = "iPhone Developer";
				COPY_PHASE_STRIP = NO;
				DEBUG_INFORMATION_FORMAT = dwarf;
				ENABLE_STRICT_OBJC_MSGSEND = YES;
				ENABLE_TESTABILITY = YES;
				GCC_C_LANGUAGE_STANDARD = gnu11;
				GCC_DYNAMIC_NO_PIC = NO;
				GCC_NO_COMMON_BLOCKS = YES;
				GCC_OPTIMIZATION_LEVEL = 0;
				GCC_PREPROCESSOR_DEFINITIONS = (
					"DEBUG=1",
					"$(inherited)",
				);
				GCC_WARN_64_TO_32_BIT_CONVERSION = YES;
				GCC_WARN_ABOUT_RETURN_TYPE = YES_ERROR;
				GCC_WARN_UNDECLARED_SELECTOR = YES;
				GCC_WARN_UNINITIALIZED_AUTOS = YES_AGGRESSIVE;
				GCC_WARN_UNUSED_FUNCTION = YES;
				GCC_WARN_UNUSED_VARIABLE = YES;
				IPHONEOS_DEPLOYMENT_TARGET = 11.1;
				MTL_ENABLE_DEBUG_INFO = YES;
				ONLY_ACTIVE_ARCH = YES;
				SDKROOT = iphoneos;
				SWIFT_ACTIVE_COMPILATION_CONDITIONS = DEBUG;
				SWIFT_OPTIMIZATION_LEVEL = "-Onone";
			};
			name = Debug;
		};
		161BE95F210683A30098CCD7 /* Release */ = {
			isa = XCBuildConfiguration;
			buildSettings = {
				ALWAYS_SEARCH_USER_PATHS = NO;
				CLANG_ANALYZER_NONNULL = YES;
				CLANG_ANALYZER_NUMBER_OBJECT_CONVERSION = YES_AGGRESSIVE;
				CLANG_CXX_LANGUAGE_STANDARD = "gnu++14";
				CLANG_CXX_LIBRARY = "libc++";
				CLANG_ENABLE_MODULES = YES;
				CLANG_ENABLE_OBJC_ARC = YES;
				CLANG_WARN_BLOCK_CAPTURE_AUTORELEASING = YES;
				CLANG_WARN_BOOL_CONVERSION = YES;
				CLANG_WARN_COMMA = YES;
				CLANG_WARN_CONSTANT_CONVERSION = YES;
				CLANG_WARN_DIRECT_OBJC_ISA_USAGE = YES_ERROR;
				CLANG_WARN_DOCUMENTATION_COMMENTS = YES;
				CLANG_WARN_EMPTY_BODY = YES;
				CLANG_WARN_ENUM_CONVERSION = YES;
				CLANG_WARN_INFINITE_RECURSION = YES;
				CLANG_WARN_INT_CONVERSION = YES;
				CLANG_WARN_NON_LITERAL_NULL_CONVERSION = YES;
				CLANG_WARN_OBJC_LITERAL_CONVERSION = YES;
				CLANG_WARN_OBJC_ROOT_CLASS = YES_ERROR;
				CLANG_WARN_RANGE_LOOP_ANALYSIS = YES;
				CLANG_WARN_STRICT_PROTOTYPES = YES;
				CLANG_WARN_SUSPICIOUS_MOVE = YES;
				CLANG_WARN_UNGUARDED_AVAILABILITY = YES_AGGRESSIVE;
				CLANG_WARN_UNREACHABLE_CODE = YES;
				CLANG_WARN__DUPLICATE_METHOD_MATCH = YES;
				CODE_SIGN_IDENTITY = "iPhone Developer";
				COPY_PHASE_STRIP = NO;
				DEBUG_INFORMATION_FORMAT = "dwarf-with-dsym";
				ENABLE_NS_ASSERTIONS = NO;
				ENABLE_STRICT_OBJC_MSGSEND = YES;
				GCC_C_LANGUAGE_STANDARD = gnu11;
				GCC_NO_COMMON_BLOCKS = YES;
				GCC_WARN_64_TO_32_BIT_CONVERSION = YES;
				GCC_WARN_ABOUT_RETURN_TYPE = YES_ERROR;
				GCC_WARN_UNDECLARED_SELECTOR = YES;
				GCC_WARN_UNINITIALIZED_AUTOS = YES_AGGRESSIVE;
				GCC_WARN_UNUSED_FUNCTION = YES;
				GCC_WARN_UNUSED_VARIABLE = YES;
				IPHONEOS_DEPLOYMENT_TARGET = 11.1;
				MTL_ENABLE_DEBUG_INFO = NO;
				SDKROOT = iphoneos;
				SWIFT_OPTIMIZATION_LEVEL = "-Owholemodule";
				VALIDATE_PRODUCT = YES;
			};
			name = Release;
		};
		161BE961210683A30098CCD7 /* Debug */ = {
			isa = XCBuildConfiguration;
			baseConfigurationReference = 80D5B42D72CF38F8E22A2C0B /* Pods-EraAlbum.debug.xcconfig */;
			buildSettings = {
				ASSETCATALOG_COMPILER_APPICON_NAME = AppIcon;
				CODE_SIGN_STYLE = Automatic;
				INFOPLIST_FILE = EraAlbum/Info.plist;
				LD_RUNPATH_SEARCH_PATHS = "$(inherited) @executable_path/Frameworks";
				PRODUCT_BUNDLE_IDENTIFIER = Amr.Ali.EraAlbum;
				PRODUCT_NAME = "$(TARGET_NAME)";
				SWIFT_VERSION = 4.0;
				TARGETED_DEVICE_FAMILY = "1,2";
			};
			name = Debug;
		};
		161BE962210683A30098CCD7 /* Release */ = {
			isa = XCBuildConfiguration;
			baseConfigurationReference = 66C22B75B8714AEA96011FB2 /* Pods-EraAlbum.release.xcconfig */;
			buildSettings = {
				ASSETCATALOG_COMPILER_APPICON_NAME = AppIcon;
				CODE_SIGN_STYLE = Automatic;
				INFOPLIST_FILE = EraAlbum/Info.plist;
				LD_RUNPATH_SEARCH_PATHS = "$(inherited) @executable_path/Frameworks";
				PRODUCT_BUNDLE_IDENTIFIER = Amr.Ali.EraAlbum;
				PRODUCT_NAME = "$(TARGET_NAME)";
				SWIFT_VERSION = 4.0;
				TARGETED_DEVICE_FAMILY = "1,2";
			};
			name = Release;
		};
/* End XCBuildConfiguration section */

/* Begin XCConfigurationList section */
		161BE946210683A20098CCD7 /* Build configuration list for PBXProject "EraAlbum" */ = {
			isa = XCConfigurationList;
			buildConfigurations = (
				161BE95E210683A30098CCD7 /* Debug */,
				161BE95F210683A30098CCD7 /* Release */,
			);
			defaultConfigurationIsVisible = 0;
			defaultConfigurationName = Release;
		};
		161BE960210683A30098CCD7 /* Build configuration list for PBXNativeTarget "EraAlbum" */ = {
			isa = XCConfigurationList;
			buildConfigurations = (
				161BE961210683A30098CCD7 /* Debug */,
				161BE962210683A30098CCD7 /* Release */,
			);
			defaultConfigurationIsVisible = 0;
			defaultConfigurationName = Release;
		};
/* End XCConfigurationList section */

/* Begin XCVersionGroup section */
		161BE955210683A30098CCD7 /* EraAlbum.xcdatamodeld */ = {
			isa = XCVersionGroup;
			children = (
				161BE956210683A30098CCD7 /* EraAlbum.xcdatamodel */,
			);
			currentVersion = 161BE956210683A30098CCD7 /* EraAlbum.xcdatamodel */;
			path = EraAlbum.xcdatamodeld;
			sourceTree = "<group>";
			versionGroupType = wrapper.xcdatamodel;
		};
/* End XCVersionGroup section */
	};
	rootObject = 161BE943210683A20098CCD7 /* Project object */;
}
